Microsoft Visual Studio Solution File, Format Version 12.00
# Visual Studio Version 16
VisualStudioVersion = 16.0.0.0
MinimumVisualStudioVersion = 16.0.0.0
Project("{9A19103F-16F7-4668-BE54-9A1E7A4F7556}") = "MyDarkMaterial.Server", "Server\MyDarkMaterial.Server.csproj", "{61A6658E-7337-450C-90B0-DE34D1017805}"
EndProject
Project("{9A19103F-16F7-4668-BE54-9A1E7A4F7556}") = "MyDarkMaterial.Client", "Client\MyDarkMaterial.Client.csproj", "{E471A6AB-EEF4-4BBC-B61D-FE5CB79EEF32}"
EndProject
Global
	GlobalSection(SolutionConfigurationPlatforms) = preSolution
		Debug|Any CPU = Debug|Any CPU
		Debug|x64 = Debug|x64
		Debug|x86 = Debug|x86
		Release|Any CPU = Release|Any CPU
		Release|x64 = Release|x64
		Release|x86 = Release|x86
	EndGlobalSection
	GlobalSection(ProjectConfigurationPlatforms) = postSolution
		{E471A6AB-EEF4-4BBC-B61D-FE5CB79EEF32}.Debug|Any CPU.ActiveCfg = Debug|Any CPU
		{E471A6AB-EEF4-4BBC-B61D-FE5CB79EEF32}.Debug|Any CPU.Build.0 = Debug|Any CPU
		{E471A6AB-EEF4-4BBC-B61D-FE5CB79EEF32}.Debug|x64.ActiveCfg = Debug|Any CPU
		{E471A6AB-EEF4-4BBC-B61D-FE5CB79EEF32}.Debug|x64.Build.0 = Debug|Any CPU
		{E471A6AB-EEF4-4BBC-B61D-FE5CB79EEF32}.Debug|x86.ActiveCfg = Debug|Any CPU
		{E471A6AB-EEF4-4BBC-B61D-FE5CB79EEF32}.Debug|x86.Build.0 = Debug|Any CPU
		{E471A6AB-EEF4-4BBC-B61D-FE5CB79EEF32}.Release|Any CPU.ActiveCfg = Release|Any CPU
		{E471A6AB-EEF4-4BBC-B61D-FE5CB79EEF32}.Release|Any CPU.Build.0 = Release|Any CPU
		{E471A6AB-EEF4-4BBC-B61D-FE5CB79EEF32}.Release|x64.ActiveCfg = Release|Any CPU
		{E471A6AB-EEF4-4BBC-B61D-FE5CB79EEF32}.Release|x64.Build.0 = Release|Any CPU
		{E471A6AB-EEF4-4BBC-B61D-FE5CB79EEF32}.Release|x86.ActiveCfg = Release|Any CPU
		{E471A6AB-EEF4-4BBC-B61D-FE5CB79EEF32}.Release|x86.Build.0 = Release|Any CPU
		{61A6658E-7337-450C-90B0-DE34D1017805}.Debug|Any CPU.ActiveCfg = Debug|Any CPU
		{61A6658E-7337-450C-90B0-DE34D1017805}.Debug|Any CPU.Build.0 = Debug|Any CPU
		{61A6658E-7337-450C-90B0-DE34D1017805}.Debug|x64.ActiveCfg = Debug|Any CPU
		{61A6658E-7337-450C-90B0-DE34D1017805}.Debug|x64.Build.0 = Debug|Any CPU
		{61A6658E-7337-450C-90B0-DE34D1017805}.Debug|x86.ActiveCfg = Debug|Any CPU
		{61A6658E-7337-450C-90B0-DE34D1017805}.Debug|x86.Build.0 = Debug|Any CPU
		{61A6658E-7337-450C-90B0-DE34D1017805}.Release|Any CPU.ActiveCfg = Release|Any CPU
		{61A6658E-7337-450C-90B0-DE34D1017805}.Release|Any CPU.Build.0 = Release|Any CPU
		{61A6658E-7337-450C-90B0-DE34D1017805}.Release|x64.ActiveCfg = Release|Any CPU
		{61A6658E-7337-450C-90B0-DE34D1017805}.Release|x64.Build.0 = Release|Any CPU
		{61A6658E-7337-450C-90B0-DE34D1017805}.Release|x86.ActiveCfg = Release|Any CPU
		{61A6658E-7337-450C-90B0-DE34D1017805}.Release|x86.Build.0 = Release|Any CPU
	EndGlobalSection
	GlobalSection(SolutionProperties) = preSolution
		HideSolutionNode = FALSE
	EndGlobalSection
	GlobalSection(ExtensibilityGlobals) = postSolution
		SolutionGuid = {7BA8F2A6-40E3-4356-84DC-E3F4B6A69731}
	EndGlobalSection
EndGlobal